
Microsoft Visual Studio Solution File, Format Version 12.00
# Visual Studio Version 17
VisualStudioVersion = 17.10.35004.147
MinimumVisualStudioVersion = 10.0.40219.1
Project("{FAE04EC0-301F-11D3-BF4B-00C04F79EFBC}") = "Zugsichtungen", "Zugsichtungen\Zugsichtungen.csproj", "{5704AD7B-FDEC-4EC0-A61B-78079C0F2ACF}"
EndProject
Project("{FAE04EC0-301F-11D3-BF4B-00C04F79EFBC}") = "Zugsichtungen.Abstractions", "Zugsichtungen.Abstractions\Zugsichtungen.Abstractions.csproj", "{0CDE913B-D973-4061-9A23-26A4D91D4BB7}"
EndProject
Project("{FAE04EC0-301F-11D3-BF4B-00C04F79EFBC}") = "Zugsichtungen.Foundation", "Foundation\Zugsichtungen.Foundation.csproj", "{2BE778EC-0C2C-4E5B-BE19-1AD93DAB9080}"
EndProject
Project("{FAE04EC0-301F-11D3-BF4B-00C04F79EFBC}") = "Zugsichtungen.ViewModels", "Zugsichtungen.ViewModels\Zugsichtungen.ViewModels.csproj", "{18C4CF57-4362-449F-8495-4C7140AE9F5B}"
EndProject
Project("{FAE04EC0-301F-11D3-BF4B-00C04F79EFBC}") = "Zugsichtungen.Styles", "Zugsichtungen.Styles\Zugsichtungen.Styles.csproj", "{25E9EE35-2E83-45EB-A39A-046FCC6D9D29}"
EndProject
Project("{FAE04EC0-301F-11D3-BF4B-00C04F79EFBC}") = "Zugsichtungen.UI.Controls", "Zugsichtungen.UI.Controls\Zugsichtungen.UI.Controls.csproj", "{7B606BDD-F16D-4773-B169-B05063938281}"
EndProject
Project("{FAE04EC0-301F-11D3-BF4B-00C04F79EFBC}") = "Zugsichtungen.Infrastructure", "Zugsichtungen.Infrastructure\Zugsichtungen.Infrastructure.csproj", "{E06EAC34-C097-47E8-BECB-544FA81C2675}"
EndProject
Project("{FAE04EC0-301F-11D3-BF4B-00C04F79EFBC}") = "Zugsichtungen.Domain", "Zugsichtungen.Domain\Zugsichtungen.Domain.csproj", "{7B9B21B2-33FE-494C-BAA0-C3D0C5378D19}"
EndProject
Project("{FAE04EC0-301F-11D3-BF4B-00C04F79EFBC}") = "Zugsichtungen.UI", "Zugsichtungen.UI\Zugsichtungen.UI.csproj", "{D9497546-A526-434A-870A-490EFB80E7E6}"
EndProject
Project("{FAE04EC0-301F-11D3-BF4B-00C04F79EFBC}") = "Zugsichtungen.MAUI", "Zugsichtungen.MAUI\Zugsichtungen.MAUI.csproj", "{5BC0E148-E370-4219-971B-4C7F3A4C2F1E}"
EndProject
Project("{FAE04EC0-301F-11D3-BF4B-00C04F79EFBC}") = "Zugsichtungen.Infrastructure.SQLServer", "Zugsichtungen.Infrastructure.SQLServer\Zugsichtungen.Infrastructure.SQLServer.csproj", "{C5B92554-2F43-4EB2-96E2-F560BEBF0AC9}"
EndProject
Project("{FAE04EC0-301F-11D3-BF4B-00C04F79EFBC}") = "Zugsichtungen.Infrastructure.SQLite", "Zugsichtungen.Infrastructure.SQLite\Zugsichtungen.Infrastructure.SQLite.csproj", "{E1F78070-E48C-41B1-A913-5BF40AF42471}"
EndProject
Project("{FAE04EC0-301F-11D3-BF4B-00C04F79EFBC}") = "Zugsichtungen.MAUI.UI", "Zugsichtungen.MAUI.UI\Zugsichtungen.MAUI.UI.csproj", "{FBD8AFF6-A9FA-4A06-86E3-E031D2F7AC0F}"
EndProject
Global
	GlobalSection(SolutionConfigurationPlatforms) = preSolution
		Debug|Any CPU = Debug|Any CPU
		Release|Any CPU = Release|Any CPU
	EndGlobalSection
	GlobalSection(ProjectConfigurationPlatforms) = postSolution
		{5704AD7B-FDEC-4EC0-A61B-78079C0F2ACF}.Debug|Any CPU.ActiveCfg = Debug|Any CPU
		{5704AD7B-FDEC-4EC0-A61B-78079C0F2ACF}.Debug|Any CPU.Build.0 = Debug|Any CPU
		{5704AD7B-FDEC-4EC0-A61B-78079C0F2ACF}.Release|Any CPU.ActiveCfg = Release|Any CPU
		{5704AD7B-FDEC-4EC0-A61B-78079C0F2ACF}.Release|Any CPU.Build.0 = Release|Any CPU
		{0CDE913B-D973-4061-9A23-26A4D91D4BB7}.Debug|Any CPU.ActiveCfg = Debug|Any CPU
		{0CDE913B-D973-4061-9A23-26A4D91D4BB7}.Debug|Any CPU.Build.0 = Debug|Any CPU
		{0CDE913B-D973-4061-9A23-26A4D91D4BB7}.Release|Any CPU.ActiveCfg = Release|Any CPU
		{0CDE913B-D973-4061-9A23-26A4D91D4BB7}.Release|Any CPU.Build.0 = Release|Any CPU
		{2BE778EC-0C2C-4E5B-BE19-1AD93DAB9080}.Debug|Any CPU.ActiveCfg = Debug|Any CPU
		{2BE778EC-0C2C-4E5B-BE19-1AD93DAB9080}.Debug|Any CPU.Build.0 = Debug|Any CPU
		{2BE778EC-0C2C-4E5B-BE19-1AD93DAB9080}.Release|Any CPU.ActiveCfg = Release|Any CPU
		{2BE778EC-0C2C-4E5B-BE19-1AD93DAB9080}.Release|Any CPU.Build.0 = Release|Any CPU
		{18C4CF57-4362-449F-8495-4C7140AE9F5B}.Debug|Any CPU.ActiveCfg = Debug|Any CPU
		{18C4CF57-4362-449F-8495-4C7140AE9F5B}.Debug|Any CPU.Build.0 = Debug|Any CPU
		{18C4CF57-4362-449F-8495-4C7140AE9F5B}.Release|Any CPU.ActiveCfg = Release|Any CPU
		{18C4CF57-4362-449F-8495-4C7140AE9F5B}.Release|Any CPU.Build.0 = Release|Any CPU
		{25E9EE35-2E83-45EB-A39A-046FCC6D9D29}.Debug|Any CPU.ActiveCfg = Debug|Any CPU
		{25E9EE35-2E83-45EB-A39A-046FCC6D9D29}.Debug|Any CPU.Build.0 = Debug|Any CPU
		{25E9EE35-2E83-45EB-A39A-046FCC6D9D29}.Release|Any CPU.ActiveCfg = Release|Any CPU
		{25E9EE35-2E83-45EB-A39A-046FCC6D9D29}.Release|Any CPU.Build.0 = Release|Any CPU
		{7B606BDD-F16D-4773-B169-B05063938281}.Debug|Any CPU.ActiveCfg = Debug|Any CPU
		{7B606BDD-F16D-4773-B169-B05063938281}.Debug|Any CPU.Build.0 = Debug|Any CPU
		{7B606BDD-F16D-4773-B169-B05063938281}.Release|Any CPU.ActiveCfg = Release|Any CPU
		{7B606BDD-F16D-4773-B169-B05063938281}.Release|Any CPU.Build.0 = Release|Any CPU
		{E06EAC34-C097-47E8-BECB-544FA81C2675}.Debug|Any CPU.ActiveCfg = Debug|Any CPU
		{E06EAC34-C097-47E8-BECB-544FA81C2675}.Debug|Any CPU.Build.0 = Debug|Any CPU
		{E06EAC34-C097-47E8-BECB-544FA81C2675}.Release|Any CPU.ActiveCfg = Release|Any CPU
		{E06EAC34-C097-47E8-BECB-544FA81C2675}.Release|Any CPU.Build.0 = Release|Any CPU
		{7B9B21B2-33FE-494C-BAA0-C3D0C5378D19}.Debug|Any CPU.ActiveCfg = Debug|Any CPU
		{7B9B21B2-33FE-494C-BAA0-C3D0C5378D19}.Debug|Any CPU.Build.0 = Debug|Any CPU
		{7B9B21B2-33FE-494C-BAA0-C3D0C5378D19}.Release|Any CPU.ActiveCfg = Release|Any CPU
		{7B9B21B2-33FE-494C-BAA0-C3D0C5378D19}.Release|Any CPU.Build.0 = Release|Any CPU
		{D9497546-A526-434A-870A-490EFB80E7E6}.Debug|Any CPU.ActiveCfg = Debug|Any CPU
		{D9497546-A526-434A-870A-490EFB80E7E6}.Debug|Any CPU.Build.0 = Debug|Any CPU
		{D9497546-A526-434A-870A-490EFB80E7E6}.Release|Any CPU.ActiveCfg = Release|Any CPU
		{D9497546-A526-434A-870A-490EFB80E7E6}.Release|Any CPU.Build.0 = Release|Any CPU
		{5BC0E148-E370-4219-971B-4C7F3A4C2F1E}.Debug|Any CPU.ActiveCfg = Debug|Any CPU
		{5BC0E148-E370-4219-971B-4C7F3A4C2F1E}.Debug|Any CPU.Build.0 = Debug|Any CPU
		{5BC0E148-E370-4219-971B-4C7F3A4C2F1E}.Debug|Any CPU.Deploy.0 = Debug|Any CPU
		{5BC0E148-E370-4219-971B-4C7F3A4C2F1E}.Release|Any CPU.ActiveCfg = Release|Any CPU
		{5BC0E148-E370-4219-971B-4C7F3A4C2F1E}.Release|Any CPU.Build.0 = Release|Any CPU
		{C5B92554-2F43-4EB2-96E2-F560BEBF0AC9}.Debug|Any CPU.ActiveCfg = Debug|Any CPU
		{C5B92554-2F43-4EB2-96E2-F560BEBF0AC9}.Debug|Any CPU.Build.0 = Debug|Any CPU
		{C5B92554-2F43-4EB2-96E2-F560BEBF0AC9}.Release|Any CPU.ActiveCfg = Release|Any CPU
		{C5B92554-2F43-4EB2-96E2-F560BEBF0AC9}.Release|Any CPU.Build.0 = Release|Any CPU
		{E1F78070-E48C-41B1-A913-5BF40AF42471}.Debug|Any CPU.ActiveCfg = Debug|Any CPU
		{E1F78070-E48C-41B1-A913-5BF40AF42471}.Debug|Any CPU.Build.0 = Debug|Any CPU
		{E1F78070-E48C-41B1-A913-5BF40AF42471}.Release|Any CPU.ActiveCfg = Release|Any CPU
		{E1F78070-E48C-41B1-A913-5BF40AF42471}.Release|Any CPU.Build.0 = Release|Any CPU
		{FBD8AFF6-A9FA-4A06-86E3-E031D2F7AC0F}.Debug|Any CPU.ActiveCfg = Debug|Any CPU
		{FBD8AFF6-A9FA-4A06-86E3-E031D2F7AC0F}.Debug|Any CPU.Build.0 = Debug|Any CPU
		{FBD8AFF6-A9FA-4A06-86E3-E031D2F7AC0F}.Release|Any CPU.ActiveCfg = Release|Any CPU
		{FBD8AFF6-A9FA-4A06-86E3-E031D2F7AC0F}.Release|Any CPU.Build.0 = Release|Any CPU
	EndGlobalSection
	GlobalSection(SolutionProperties) = preSolution
		HideSolutionNode = FALSE
	EndGlobalSection
	GlobalSection(ExtensibilityGlobals) = postSolution
		SolutionGuid = {C5E7A5BD-8023-420B-9B35-57DE98688D66}
	EndGlobalSection
EndGlobal
